
Microsoft Visual Studio Solution File, Format Version 12.00
# Visual Studio Version 16
VisualStudioVersion = 16.0.30413.136
MinimumVisualStudioVersion = 10.0.40219.1
Project("{FAE04EC0-301F-11D3-BF4B-00C04F79EFBC}") = "Dice Roller", "Dice Roller\Dice Roller.csproj", "{D700B6AD-04F6-46FC-A382-D29E6B702FDB}"
EndProject
Global
	GlobalSection(SolutionConfigurationPlatforms) = preSolution
		Debug|Any CPU = Debug|Any CPU
		Release|Any CPU = Release|Any CPU
	EndGlobalSection
	GlobalSection(ProjectConfigurationPlatforms) = postSolution
		{D700B6AD-04F6-46FC-A382-D29E6B702FDB}.Debug|Any CPU.ActiveCfg = Debug|Any CPU
		{D700B6AD-04F6-46FC-A382-D29E6B702FDB}.Debug|Any CPU.Build.0 = Debug|Any CPU
		{D700B6AD-04F6-46FC-A382-D29E6B702FDB}.Release|Any CPU.ActiveCfg = Release|Any CPU
		{D700B6AD-04F6-46FC-A382-D29E6B702FDB}.Release|Any CPU.Build.0 = Release|Any CPU
	EndGlobalSection
	GlobalSection(SolutionProperties) = preSolution
		HideSolutionNode = FALSE
	EndGlobalSection
	GlobalSection(ExtensibilityGlobals) = postSolution
		SolutionGuid = {199DC5D2-FED1-41DB-A1EB-ACC476CA6D02}
	EndGlobalSection
EndGlobal
